
Microsoft Visual Studio Solution File, Format Version 12.00
# Visual Studio Version 16
VisualStudioVersion = 16.0.32126.315
MinimumVisualStudioVersion = 10.0.40219.1
Project("{9A19103F-16F7-4668-BE54-9A1E7A4F7556}") = "ShrubLib", "ShrubLib.csproj", "{883C2820-C69C-484F-9058-60B3E87C394D}"
EndProject
Global
	GlobalSection(SolutionConfigurationPlatforms) = preSolution
		Debug|Any CPU = Debug|Any CPU
		Release|Any CPU = Release|Any CPU
	EndGlobalSection
	GlobalSection(ProjectConfigurationPlatforms) = postSolution
		{883C2820-C69C-484F-9058-60B3E87C394D}.Debug|Any CPU.ActiveCfg = Debug|Any CPU
		{883C2820-C69C-484F-9058-60B3E87C394D}.Debug|Any CPU.Build.0 = Debug|Any CPU
		{883C2820-C69C-484F-9058-60B3E87C394D}.Release|Any CPU.ActiveCfg = Release|Any CPU
		{883C2820-C69C-484F-9058-60B3E87C394D}.Release|Any CPU.Build.0 = Release|Any CPU
	EndGlobalSection
	GlobalSection(SolutionProperties) = preSolution
		HideSolutionNode = FALSE
	EndGlobalSection
	GlobalSection(ExtensibilityGlobals) = postSolution
		SolutionGuid = {D7AAACED-2535-44A0-82DD-168F82EE0CEF}
	EndGlobalSection
EndGlobal
